// !$*UTF8*$!
{
	archiveVersion = 1;
	classes = {
	};
	objectVersion = 51;
	objects = {

/* Begin PBXBuildFile section */
		8DD3C35539E95B147DF7B08C /* Pods_ElongHotel.framework in Frameworks */ = {isa = PBXBuildFile; fileRef = CE62E0F3BEC5036C8E09B734 /* Pods_ElongHotel.framework */; };
		CE7D1FE6247F99E1008FBAA8 /* detail_near.json in Resources */ = {isa = PBXBuildFile; fileRef = CE7D1FE4247F99E1008FBAA8 /* detail_near.json */; };
		CE7D1FE7247F99E1008FBAA8 /* detail.json in Resources */ = {isa = PBXBuildFile; fileRef = CE7D1FE5247F99E1008FBAA8 /* detail.json */; };
		CE8866F0245BCA9200A823E8 /* Color-Hex.swift in Sources */ = {isa = PBXBuildFile; fileRef = CE8866EF245BCA9200A823E8 /* Color-Hex.swift */; };
		CE8866F2245C53F300A823E8 /* HotelDetailRoomView.swift in Sources */ = {isa = PBXBuildFile; fileRef = CE8866F1245C53F300A823E8 /* HotelDetailRoomView.swift */; };
		CE8866F4245C56EE00A823E8 /* RoundedCorner.swift in Sources */ = {isa = PBXBuildFile; fileRef = CE8866F3245C56EE00A823E8 /* RoundedCorner.swift */; };
		CE8866F6245E994F00A823E8 /* HotelDetailPoliciesView.swift in Sources */ = {isa = PBXBuildFile; fileRef = CE8866F5245E994F00A823E8 /* HotelDetailPoliciesView.swift */; };
		CE8866F8245EA97700A823E8 /* HotelDetailCommentView.swift in Sources */ = {isa = PBXBuildFile; fileRef = CE8866F7245EA97700A823E8 /* HotelDetailCommentView.swift */; };
		CE8866FC245FFABE00A823E8 /* HotelDetailNear.swift in Sources */ = {isa = PBXBuildFile; fileRef = CE8866FB245FFABE00A823E8 /* HotelDetailNear.swift */; };
		CE8866FE245FFBC400A823E8 /* HotelDetailNearView.swift in Sources */ = {isa = PBXBuildFile; fileRef = CE8866FD245FFBC400A823E8 /* HotelDetailNearView.swift */; };
		CE8867002461351C00A823E8 /* HotelDetailFilterDetailView.swift in Sources */ = {isa = PBXBuildFile; fileRef = CE8866FF2461351C00A823E8 /* HotelDetailFilterDetailView.swift */; };
		CE88670224613ED000A823E8 /* Helper.swift in Sources */ = {isa = PBXBuildFile; fileRef = CE88670124613ED000A823E8 /* Helper.swift */; };
		CE88671624615FDD00A823E8 /* Grid+Inits.swift in Sources */ = {isa = PBXBuildFile; fileRef = CE88670424615FDD00A823E8 /* Grid+Inits.swift */; };
		CE88671724615FDD00A823E8 /* StaggeredGridStyle.swift in Sources */ = {isa = PBXBuildFile; fileRef = CE88670624615FDD00A823E8 /* StaggeredGridStyle.swift */; };
		CE88671824615FDD00A823E8 /* Tracks.swift in Sources */ = {isa = PBXBuildFile; fileRef = CE88670824615FDD00A823E8 /* Tracks.swift */; };
		CE88671924615FDD00A823E8 /* LayoutMath.swift in Sources */ = {isa = PBXBuildFile; fileRef = CE88670924615FDD00A823E8 /* LayoutMath.swift */; };
		CE88671A24615FDD00A823E8 /* GridStyle.swift in Sources */ = {isa = PBXBuildFile; fileRef = CE88670B24615FDD00A823E8 /* GridStyle.swift */; };
		CE88671B24615FDD00A823E8 /* GridPreferencesKey.swift in Sources */ = {isa = PBXBuildFile; fileRef = CE88670C24615FDD00A823E8 /* GridPreferencesKey.swift */; };
		CE88671C24615FDD00A823E8 /* View+GridStyle.swift in Sources */ = {isa = PBXBuildFile; fileRef = CE88670D24615FDD00A823E8 /* View+GridStyle.swift */; };
		CE88671D24615FDD00A823E8 /* GridStyleKey.swift in Sources */ = {isa = PBXBuildFile; fileRef = CE88670E24615FDD00A823E8 /* GridStyleKey.swift */; };
		CE88671E24615FDD00A823E8 /* GridPreferences.swift in Sources */ = {isa = PBXBuildFile; fileRef = CE88670F24615FDD00A823E8 /* GridPreferences.swift */; };
		CE88671F24615FDD00A823E8 /* GridPreferencesModifier.swift in Sources */ = {isa = PBXBuildFile; fileRef = CE88671024615FDD00A823E8 /* GridPreferencesModifier.swift */; };
		CE88672024615FDD00A823E8 /* EnvironmentValues+GridStyle.swift in Sources */ = {isa = PBXBuildFile; fileRef = CE88671124615FDD00A823E8 /* EnvironmentValues+GridStyle.swift */; };
		CE88672124615FDD00A823E8 /* GridItemBoundsPreferencesKey.swift in Sources */ = {isa = PBXBuildFile; fileRef = CE88671224615FDD00A823E8 /* GridItemBoundsPreferencesKey.swift */; };
		CE88672224615FDD00A823E8 /* ModularGridStyle.swift in Sources */ = {isa = PBXBuildFile; fileRef = CE88671324615FDD00A823E8 /* ModularGridStyle.swift */; };
		CE88672324615FDD00A823E8 /* GridItem.swift in Sources */ = {isa = PBXBuildFile; fileRef = CE88671424615FDD00A823E8 /* GridItem.swift */; };
		CE88672424615FDD00A823E8 /* Grid.swift in Sources */ = {isa = PBXBuildFile; fileRef = CE88671524615FDD00A823E8 /* Grid.swift */; };
		CE959E7E2459618F00D50B78 /* HotelDetailDateView.swift in Sources */ = {isa = PBXBuildFile; fileRef = CE959E7D2459618F00D50B78 /* HotelDetailDateView.swift */; };
		CE959E8024596AC500D50B78 /* HotelDetailAddressView.swift in Sources */ = {isa = PBXBuildFile; fileRef = CE959E7F24596AC500D50B78 /* HotelDetailAddressView.swift */; };
		CE959E82245A716900D50B78 /* HotelDetailFilterView.swift in Sources */ = {isa = PBXBuildFile; fileRef = CE959E81245A716900D50B78 /* HotelDetailFilterView.swift */; };
		CE959E84245ACDB600D50B78 /* HotelDetailHotProductView.swift in Sources */ = {isa = PBXBuildFile; fileRef = CE959E83245ACDB600D50B78 /* HotelDetailHotProductView.swift */; };
		CED1D5CD244FD6B40056E12D /* AppDelegate.swift in Sources */ = {isa = PBXBuildFile; fileRef = CED1D5CC244FD6B40056E12D /* AppDelegate.swift */; };
		CED1D5CF244FD6B40056E12D /* SceneDelegate.swift in Sources */ = {isa = PBXBuildFile; fileRef = CED1D5CE244FD6B40056E12D /* SceneDelegate.swift */; };
		CED1D5D1244FD6B40056E12D /* ContentView.swift in Sources */ = {isa = PBXBuildFile; fileRef = CED1D5D0244FD6B40056E12D /* ContentView.swift */; };
		CED1D5D3244FD6B60056E12D /* Assets.xcassets in Resources */ = {isa = PBXBuildFile; fileRef = CED1D5D2244FD6B60056E12D /* Assets.xcassets */; };
		CED1D5D6244FD6B60056E12D /* Preview Assets.xcassets in Resources */ = {isa = PBXBuildFile; fileRef = CED1D5D5244FD6B60056E12D /* Preview Assets.xcassets */; };
		CED1D5D9244FD6B60056E12D /* LaunchScreen.storyboard in Resources */ = {isa = PBXBuildFile; fileRef = CED1D5D7244FD6B60056E12D /* LaunchScreen.storyboard */; };
		CED1D5E7244FDC420056E12D /* HotelDetailResponse.swift in Sources */ = {isa = PBXBuildFile; fileRef = CED1D5E6244FDC420056E12D /* HotelDetailResponse.swift */; };
		CED1D5E9244FE54A0056E12D /* HotelDetailImageItem.swift in Sources */ = {isa = PBXBuildFile; fileRef = CED1D5E8244FE54A0056E12D /* HotelDetailImageItem.swift */; };
		CED1D5EB244FE5DC0056E12D /* Bundle-Decodable.swift in Sources */ = {isa = PBXBuildFile; fileRef = CED1D5EA244FE5DC0056E12D /* Bundle-Decodable.swift */; };
		CED1D5EE245031410056E12D /* HotelDetailImagesView.swift in Sources */ = {isa = PBXBuildFile; fileRef = CED1D5ED245031410056E12D /* HotelDetailImagesView.swift */; };
		CED1D5F02450319F0056E12D /* ScrollView-Wrapper.swift in Sources */ = {isa = PBXBuildFile; fileRef = CED1D5EF2450319F0056E12D /* ScrollView-Wrapper.swift */; };
		CED1D5F52450496F0056E12D /* PageViewController.swift in Sources */ = {isa = PBXBuildFile; fileRef = CED1D5F42450496F0056E12D /* PageViewController.swift */; };
		CED1D60224585DF90056E12D /* HotelDetailInfoView.swift in Sources */ = {isa = PBXBuildFile; fileRef = CED1D60124585DF90056E12D /* HotelDetailInfoView.swift */; };
/* End PBXBuildFile section */

/* Begin PBXFileReference section */
		12E929415AB35792407C5091 /* Pods-ElongHotel.debug.xcconfig */ = {isa = PBXFileReference; includeInIndex = 1; lastKnownFileType = text.xcconfig; name = "Pods-ElongHotel.debug.xcconfig"; path = "Target Support Files/Pods-ElongHotel/Pods-ElongHotel.debug.xcconfig"; sourceTree = "<group>"; };
		64981AE0EFFEF826EE184313 /* Pods-ElongHotel.release.xcconfig */ = {isa = PBXFileReference; includeInIndex = 1; lastKnownFileType = text.xcconfig; name = "Pods-ElongHotel.release.xcconfig"; path = "Target Support Files/Pods-ElongHotel/Pods-ElongHotel.release.xcconfig"; sourceTree = "<group>"; };
		CE62E0F3BEC5036C8E09B734 /* Pods_ElongHotel.framework */ = {isa = PBXFileReference; explicitFileType = wrapper.framework; includeInIndex = 0; path = Pods_ElongHotel.framework; sourceTree = BUILT_PRODUCTS_DIR; };
		CE7D1FE4247F99E1008FBAA8 /* detail_near.json */ = {isa = PBXFileReference; fileEncoding = 4; lastKnownFileType = text.json; path = detail_near.json; sourceTree = "<group>"; };
		CE7D1FE5247F99E1008FBAA8 /* detail.json */ = {isa = PBXFileReference; fileEncoding = 4; lastKnownFileType = text.json; path = detail.json; sourceTree = "<group>"; };
		CE8866EF245BCA9200A823E8 /* Color-Hex.swift */ = {isa = PBXFileReference; lastKnownFileType = sourcecode.swift; path = "Color-Hex.swift"; sourceTree = "<group>"; };
		CE8866F1245C53F300A823E8 /* HotelDetailRoomView.swift */ = {isa = PBXFileReference; lastKnownFileType = sourcecode.swift; path = HotelDetailRoomView.swift; sourceTree = "<group>"; };
		CE8866F3245C56EE00A823E8 /* RoundedCorner.swift */ = {isa = PBXFileReference; lastKnownFileType = sourcecode.swift; path = RoundedCorner.swift; sourceTree = "<group>"; };
		CE8866F5245E994F00A823E8 /* HotelDetailPoliciesView.swift */ = {isa = PBXFileReference; lastKnownFileType = sourcecode.swift; path = HotelDetailPoliciesView.swift; sourceTree = "<group>"; };
		CE8866F7245EA97700A823E8 /* HotelDetailCommentView.swift */ = {isa = PBXFileReference; lastKnownFileType = sourcecode.swift; path = HotelDetailCommentView.swift; sourceTree = "<group>"; };
		CE8866FB245FFABE00A823E8 /* HotelDetailNear.swift */ = {isa = PBXFileReference; lastKnownFileType = sourcecode.swift; path = HotelDetailNear.swift; sourceTree = "<group>"; };
		CE8866FD245FFBC400A823E8 /* HotelDetailNearView.swift */ = {isa = PBXFileReference; lastKnownFileType = sourcecode.swift; path = HotelDetailNearView.swift; sourceTree = "<group>"; };
		CE8866FF2461351C00A823E8 /* HotelDetailFilterDetailView.swift */ = {isa = PBXFileReference; lastKnownFileType = sourcecode.swift; path = HotelDetailFilterDetailView.swift; sourceTree = "<group>"; };
		CE88670124613ED000A823E8 /* Helper.swift */ = {isa = PBXFileReference; lastKnownFileType = sourcecode.swift; path = Helper.swift; sourceTree = "<group>"; };
		CE88670424615FDD00A823E8 /* Grid+Inits.swift */ = {isa = PBXFileReference; fileEncoding = 4; lastKnownFileType = sourcecode.swift; path = "Grid+Inits.swift"; sourceTree = "<group>"; };
		CE88670624615FDD00A823E8 /* StaggeredGridStyle.swift */ = {isa = PBXFileReference; fileEncoding = 4; lastKnownFileType = sourcecode.swift; path = StaggeredGridStyle.swift; sourceTree = "<group>"; };
		CE88670824615FDD00A823E8 /* Tracks.swift */ = {isa = PBXFileReference; fileEncoding = 4; lastKnownFileType = sourcecode.swift; path = Tracks.swift; sourceTree = "<group>"; };
		CE88670924615FDD00A823E8 /* LayoutMath.swift */ = {isa = PBXFileReference; fileEncoding = 4; lastKnownFileType = sourcecode.swift; path = LayoutMath.swift; sourceTree = "<group>"; };
		CE88670B24615FDD00A823E8 /* GridStyle.swift */ = {isa = PBXFileReference; fileEncoding = 4; lastKnownFileType = sourcecode.swift; path = GridStyle.swift; sourceTree = "<group>"; };
		CE88670C24615FDD00A823E8 /* GridPreferencesKey.swift */ = {isa = PBXFileReference; fileEncoding = 4; lastKnownFileType = sourcecode.swift; path = GridPreferencesKey.swift; sourceTree = "<group>"; };
		CE88670D24615FDD00A823E8 /* View+GridStyle.swift */ = {isa = PBXFileReference; fileEncoding = 4; lastKnownFileType = sourcecode.swift; path = "View+GridStyle.swift"; sourceTree = "<group>"; };
		CE88670E24615FDD00A823E8 /* GridStyleKey.swift */ = {isa = PBXFileReference; fileEncoding = 4; lastKnownFileType = sourcecode.swift; path = GridStyleKey.swift; sourceTree = "<group>"; };
		CE88670F24615FDD00A823E8 /* GridPreferences.swift */ = {isa = PBXFileReference; fileEncoding = 4; lastKnownFileType = sourcecode.swift; path = GridPreferences.swift; sourceTree = "<group>"; };
		CE88671024615FDD00A823E8 /* GridPreferencesModifier.swift */ = {isa = PBXFileReference; fileEncoding = 4; lastKnownFileType = sourcecode.swift; path = GridPreferencesModifier.swift; sourceTree = "<group>"; };
		CE88671124615FDD00A823E8 /* EnvironmentValues+GridStyle.swift */ = {isa = PBXFileReference; fileEncoding = 4; lastKnownFileType = sourcecode.swift; path = "EnvironmentValues+GridStyle.swift"; sourceTree = "<group>"; };
		CE88671224615FDD00A823E8 /* GridItemBoundsPreferencesKey.swift */ = {isa = PBXFileReference; fileEncoding = 4; lastKnownFileType = sourcecode.swift; path = GridItemBoundsPreferencesKey.swift; sourceTree = "<group>"; };
		CE88671324615FDD00A823E8 /* ModularGridStyle.swift */ = {isa = PBXFileReference; fileEncoding = 4; lastKnownFileType = sourcecode.swift; path = ModularGridStyle.swift; sourceTree = "<group>"; };
		CE88671424615FDD00A823E8 /* GridItem.swift */ = {isa = PBXFileReference; fileEncoding = 4; lastKnownFileType = sourcecode.swift; path = GridItem.swift; sourceTree = "<group>"; };
		CE88671524615FDD00A823E8 /* Grid.swift */ = {isa = PBXFileReference; fileEncoding = 4; lastKnownFileType = sourcecode.swift; path = Grid.swift; sourceTree = "<group>"; };
		CE959E7D2459618F00D50B78 /* HotelDetailDateView.swift */ = {isa = PBXFileReference; lastKnownFileType = sourcecode.swift; path = HotelDetailDateView.swift; sourceTree = "<group>"; };
		CE959E7F24596AC500D50B78 /* HotelDetailAddressView.swift */ = {isa = PBXFileReference; lastKnownFileType = sourcecode.swift; path = HotelDetailAddressView.swift; sourceTree = "<group>"; };
		CE959E81245A716900D50B78 /* HotelDetailFilterView.swift */ = {isa = PBXFileReference; lastKnownFileType = sourcecode.swift; path = HotelDetailFilterView.swift; sourceTree = "<group>"; };
		CE959E83245ACDB600D50B78 /* HotelDetailHotProductView.swift */ = {isa = PBXFileReference; lastKnownFileType = sourcecode.swift; path = HotelDetailHotProductView.swift; sourceTree = "<group>"; };
		CED1D5C9244FD6B40056E12D /* ElongHotel.app */ = {isa = PBXFileReference; explicitFileType = wrapper.application; includeInIndex = 0; path = ElongHotel.app; sourceTree = BUILT_PRODUCTS_DIR; };
		CED1D5CC244FD6B40056E12D /* AppDelegate.swift */ = {isa = PBXFileReference; lastKnownFileType = sourcecode.swift; path = AppDelegate.swift; sourceTree = "<group>"; };
		CED1D5CE244FD6B40056E12D /* SceneDelegate.swift */ = {isa = PBXFileReference; lastKnownFileType = sourcecode.swift; path = SceneDelegate.swift; sourceTree = "<group>"; };
		CED1D5D0244FD6B40056E12D /* ContentView.swift */ = {isa = PBXFileReference; lastKnownFileType = sourcecode.swift; path = ContentView.swift; sourceTree = "<group>"; };
		CED1D5D2244FD6B60056E12D /* Assets.xcassets */ = {isa = PBXFileReference; lastKnownFileType = folder.assetcatalog; path = Assets.xcassets; sourceTree = "<group>"; };
		CED1D5D5244FD6B60056E12D /* Preview Assets.xcassets */ = {isa = PBXFileReference; lastKnownFileType = folder.assetcatalog; path = "Preview Assets.xcassets"; sourceTree = "<group>"; };
		CED1D5D8244FD6B60056E12D /* Base */ = {isa = PBXFileReference; lastKnownFileType = file.storyboard; name = Base; path = Base.lproj/LaunchScreen.storyboard; sourceTree = "<group>"; };
		CED1D5DA244FD6B60056E12D /* Info.plist */ = {isa = PBXFileReference; lastKnownFileType = text.plist.xml; path = Info.plist; sourceTree = "<group>"; };
		CED1D5E6244FDC420056E12D /* HotelDetailResponse.swift */ = {isa = PBXFileReference; lastKnownFileType = sourcecode.swift; path = HotelDetailResponse.swift; sourceTree = "<group>"; };
		CED1D5E8244FE54A0056E12D /* HotelDetailImageItem.swift */ = {isa = PBXFileReference; lastKnownFileType = sourcecode.swift; path = HotelDetailImageItem.swift; sourceTree = "<group>"; };
		CED1D5EA244FE5DC0056E12D /* Bundle-Decodable.swift */ = {isa = PBXFileReference; lastKnownFileType = sourcecode.swift; path = "Bundle-Decodable.swift"; sourceTree = "<group>"; };
		CED1D5ED245031410056E12D /* HotelDetailImagesView.swift */ = {isa = PBXFileReference; lastKnownFileType = sourcecode.swift; path = HotelDetailImagesView.swift; sourceTree = "<group>"; };
		CED1D5EF2450319F0056E12D /* ScrollView-Wrapper.swift */ = {isa = PBXFileReference; lastKnownFileType = sourcecode.swift; path = "ScrollView-Wrapper.swift"; sourceTree = "<group>"; };
		CED1D5F42450496F0056E12D /* PageViewController.swift */ = {isa = PBXFileReference; lastKnownFileType = sourcecode.swift; path = PageViewController.swift; sourceTree = "<group>"; };
		CED1D60124585DF90056E12D /* HotelDetailInfoView.swift */ = {isa = PBXFileReference; lastKnownFileType = sourcecode.swift; path = HotelDetailInfoView.swift; sourceTree = "<group>"; };
/* End PBXFileReference section */

/* Begin PBXFrameworksBuildPhase section */
		CED1D5C6244FD6B40056E12D /* Frameworks */ = {
			isa = PBXFrameworksBuildPhase;
			buildActionMask = 2147483647;
			files = (
				8DD3C35539E95B147DF7B08C /* Pods_ElongHotel.framework in Frameworks */,
			);
			runOnlyForDeploymentPostprocessing = 0;
		};
/* End PBXFrameworksBuildPhase section */

/* Begin PBXGroup section */
		6889698F6F7F6A53BDBB173C /* Frameworks */ = {
			isa = PBXGroup;
			children = (
				CE62E0F3BEC5036C8E09B734 /* Pods_ElongHotel.framework */,
			);
			name = Frameworks;
			sourceTree = "<group>";
		};
		CDD0B1DB5146533829404297 /* Pods */ = {
			isa = PBXGroup;
			children = (
				12E929415AB35792407C5091 /* Pods-ElongHotel.debug.xcconfig */,
				64981AE0EFFEF826EE184313 /* Pods-ElongHotel.release.xcconfig */,
			);
			path = Pods;
			sourceTree = "<group>";
		};
		CE88670324615FDD00A823E8 /* Grid */ = {
			isa = PBXGroup;
			children = (
				CE88670424615FDD00A823E8 /* Grid+Inits.swift */,
				CE88670524615FDD00A823E8 /* Styles */,
				CE88671424615FDD00A823E8 /* GridItem.swift */,
				CE88671524615FDD00A823E8 /* Grid.swift */,
			);
			path = Grid;
			sourceTree = "<group>";
		};
		CE88670524615FDD00A823E8 /* Styles */ = {
			isa = PBXGroup;
			children = (
				CE88670624615FDD00A823E8 /* StaggeredGridStyle.swift */,
				CE88670724615FDD00A823E8 /* Layout */,
				CE88670A24615FDD00A823E8 /* Style */,
				CE88671324615FDD00A823E8 /* ModularGridStyle.swift */,
			);
			path = Styles;
			sourceTree = "<group>";
		};
		CE88670724615FDD00A823E8 /* Layout */ = {
			isa = PBXGroup;
			children = (
				CE88670824615FDD00A823E8 /* Tracks.swift */,
				CE88670924615FDD00A823E8 /* LayoutMath.swift */,
			);
			path = Layout;
			sourceTree = "<group>";
		};
		CE88670A24615FDD00A823E8 /* Style */ = {
			isa = PBXGroup;
			children = (
				CE88670B24615FDD00A823E8 /* GridStyle.swift */,
				CE88670C24615FDD00A823E8 /* GridPreferencesKey.swift */,
				CE88670D24615FDD00A823E8 /* View+GridStyle.swift */,
				CE88670E24615FDD00A823E8 /* GridStyleKey.swift */,
				CE88670F24615FDD00A823E8 /* GridPreferences.swift */,
				CE88671024615FDD00A823E8 /* GridPreferencesModifier.swift */,
				CE88671124615FDD00A823E8 /* EnvironmentValues+GridStyle.swift */,
				CE88671224615FDD00A823E8 /* GridItemBoundsPreferencesKey.swift */,
			);
			path = Style;
			sourceTree = "<group>";
		};
		CED1D5C0244FD6B40056E12D = {
			isa = PBXGroup;
			children = (
				CED1D5CB244FD6B40056E12D /* ElongHotel */,
				CED1D5CA244FD6B40056E12D /* Products */,
				CDD0B1DB5146533829404297 /* Pods */,
				6889698F6F7F6A53BDBB173C /* Frameworks */,
			);
			sourceTree = "<group>";
		};
		CED1D5CA244FD6B40056E12D /* Products */ = {
			isa = PBXGroup;
			children = (
				CED1D5C9244FD6B40056E12D /* ElongHotel.app */,
			);
			name = Products;
			sourceTree = "<group>";
		};
		CED1D5CB244FD6B40056E12D /* ElongHotel */ = {
			isa = PBXGroup;
			children = (
				CE88670324615FDD00A823E8 /* Grid */,
				CED1D5E4244FDC200056E12D /* Detail */,
				CED1D5E1244FDBCD0056E12D /* Json */,
				CED1D5CC244FD6B40056E12D /* AppDelegate.swift */,
				CED1D5CE244FD6B40056E12D /* SceneDelegate.swift */,
				CED1D5D0244FD6B40056E12D /* ContentView.swift */,
				CE88670124613ED000A823E8 /* Helper.swift */,
				CED1D5E0244FD6E90056E12D /* Common */,
				CED1D5D2244FD6B60056E12D /* Assets.xcassets */,
				CED1D5D7244FD6B60056E12D /* LaunchScreen.storyboard */,
				CED1D5DA244FD6B60056E12D /* Info.plist */,
				CED1D5D4244FD6B60056E12D /* Preview Content */,
			);
			path = ElongHotel;
			sourceTree = "<group>";
		};
		CED1D5D4244FD6B60056E12D /* Preview Content */ = {
			isa = PBXGroup;
			children = (
				CED1D5D5244FD6B60056E12D /* Preview Assets.xcassets */,
			);
			path = "Preview Content";
			sourceTree = "<group>";
		};
		CED1D5E0244FD6E90056E12D /* Common */ = {
			isa = PBXGroup;
			children = (
				CED1D5EA244FE5DC0056E12D /* Bundle-Decodable.swift */,
				CED1D5EF2450319F0056E12D /* ScrollView-Wrapper.swift */,
				CE8866EF245BCA9200A823E8 /* Color-Hex.swift */,
				CE8866F3245C56EE00A823E8 /* RoundedCorner.swift */,
			);
			path = Common;
			sourceTree = "<group>";
		};
		CED1D5E1244FDBCD0056E12D /* Json */ = {
			isa = PBXGroup;
			children = (
				CE7D1FE4247F99E1008FBAA8 /* detail_near.json */,
				CE7D1FE5247F99E1008FBAA8 /* detail.json */,
			);
			path = Json;
			sourceTree = "<group>";
		};
		CED1D5E4244FDC200056E12D /* Detail */ = {
			isa = PBXGroup;
			children = (
				CED1D5EC245030720056E12D /* Views */,
				CED1D5E5244FDC2B0056E12D /* Models */,
			);
			path = Detail;
			sourceTree = "<group>";
		};
		CED1D5E5244FDC2B0056E12D /* Models */ = {
			isa = PBXGroup;
			children = (
				CED1D5E6244FDC420056E12D /* HotelDetailResponse.swift */,
				CE8866FB245FFABE00A823E8 /* HotelDetailNear.swift */,
				CED1D5E8244FE54A0056E12D /* HotelDetailImageItem.swift */,
			);
			path = Models;
			sourceTree = "<group>";
		};
		CED1D5EC245030720056E12D /* Views */ = {
			isa = PBXGroup;
			children = (
				CED1D5ED245031410056E12D /* HotelDetailImagesView.swift */,
				CED1D5F42450496F0056E12D /* PageViewController.swift */,
				CED1D60124585DF90056E12D /* HotelDetailInfoView.swift */,
				CE959E7D2459618F00D50B78 /* HotelDetailDateView.swift */,
				CE959E7F24596AC500D50B78 /* HotelDetailAddressView.swift */,
				CE959E81245A716900D50B78 /* HotelDetailFilterView.swift */,
				CE959E83245ACDB600D50B78 /* HotelDetailHotProductView.swift */,
				CE8866F1245C53F300A823E8 /* HotelDetailRoomView.swift */,
				CE8866F5245E994F00A823E8 /* HotelDetailPoliciesView.swift */,
				CE8866F7245EA97700A823E8 /* HotelDetailCommentView.swift */,
				CE8866FD245FFBC400A823E8 /* HotelDetailNearView.swift */,
				CE8866FF2461351C00A823E8 /* HotelDetailFilterDetailView.swift */,
			);
			path = Views;
			sourceTree = "<group>";
		};
/* End PBXGroup section */

/* Begin PBXNativeTarget section */
		CED1D5C8244FD6B40056E12D /* ElongHotel */ = {
			isa = PBXNativeTarget;
			buildConfigurationList = CED1D5DD244FD6B60056E12D /* Build configuration list for PBXNativeTarget "ElongHotel" */;
			buildPhases = (
				F058E029495D34C7B3B80B5E /* [CP] Check Pods Manifest.lock */,
				CED1D5C5244FD6B40056E12D /* Sources */,
				CED1D5C6244FD6B40056E12D /* Frameworks */,
				CED1D5C7244FD6B40056E12D /* Resources */,
				AD0EAC2D57CCA62046E2A6CC /* [CP] Embed Pods Frameworks */,
			);
			buildRules = (
			);
			dependencies = (
			);
			name = ElongHotel;
			packageProductDependencies = (
			);
			productName = ElongHotel;
			productReference = CED1D5C9244FD6B40056E12D /* ElongHotel.app */;
			productType = "com.apple.product-type.application";
		};
/* End PBXNativeTarget section */

/* Begin PBXProject section */
		CED1D5C1244FD6B40056E12D /* Project object */ = {
			isa = PBXProject;
			attributes = {
				LastSwiftUpdateCheck = 1140;
				LastUpgradeCheck = 1140;
				ORGANIZATIONNAME = MC;
				TargetAttributes = {
					CED1D5C8244FD6B40056E12D = {
						CreatedOnToolsVersion = 11.4.1;
					};
				};
			};
			buildConfigurationList = CED1D5C4244FD6B40056E12D /* Build configuration list for PBXProject "ElongHotel" */;
			compatibilityVersion = "Xcode 9.3";
			developmentRegion = en;
			hasScannedForEncodings = 0;
			knownRegions = (
				en,
				Base,
			);
			mainGroup = CED1D5C0244FD6B40056E12D;
			productRefGroup = CED1D5CA244FD6B40056E12D /* Products */;
			projectDirPath = "";
			projectRoot = "";
			targets = (
				CED1D5C8244FD6B40056E12D /* ElongHotel */,
			);
		};
/* End PBXProject section */

/* Begin PBXResourcesBuildPhase section */
		CED1D5C7244FD6B40056E12D /* Resources */ = {
			isa = PBXResourcesBuildPhase;
			buildActionMask = 2147483647;
			files = (
				CE7D1FE6247F99E1008FBAA8 /* detail_near.json in Resources */,
				CED1D5D9244FD6B60056E12D /* LaunchScreen.storyboard in Resources */,
				CED1D5D6244FD6B60056E12D /* Preview Assets.xcassets in Resources */,
				CE7D1FE7247F99E1008FBAA8 /* detail.json in Resources */,
				CED1D5D3244FD6B60056E12D /* Assets.xcassets in Resources */,
			);
			runOnlyForDeploymentPostprocessing = 0;
		};
/* End PBXResourcesBuildPhase section */

/* Begin PBXShellScriptBuildPhase section */
		AD0EAC2D57CCA62046E2A6CC /* [CP] Embed Pods Frameworks */ = {
			isa = PBXShellScriptBuildPhase;
			buildActionMask = 2147483647;
			files = (
			);
			inputFileListPaths = (
				"${PODS_ROOT}/Target Support Files/Pods-ElongHotel/Pods-ElongHotel-frameworks-${CONFIGURATION}-input-files.xcfilelist",
			);
			name = "[CP] Embed Pods Frameworks";
			outputFileListPaths = (
				"${PODS_ROOT}/Target Support Files/Pods-ElongHotel/Pods-ElongHotel-frameworks-${CONFIGURATION}-output-files.xcfilelist",
			);
			runOnlyForDeploymentPostprocessing = 0;
			shellPath = /bin/sh;
			shellScript = "\"${PODS_ROOT}/Target Support Files/Pods-ElongHotel/Pods-ElongHotel-frameworks.sh\"\n";
			showEnvVarsInLog = 0;
		};
		F058E029495D34C7B3B80B5E /* [CP] Check Pods Manifest.lock */ = {
			isa = PBXShellScriptBuildPhase;
			buildActionMask = 2147483647;
			files = (
			);
			inputFileListPaths = (
			);
			inputPaths = (
				"${PODS_PODFILE_DIR_PATH}/Podfile.lock",
				"${PODS_ROOT}/Manifest.lock",
			);
			name = "[CP] Check Pods Manifest.lock";
			outputFileListPaths = (
			);
			outputPaths = (
				"$(DERIVED_FILE_DIR)/Pods-ElongHotel-checkManifestLockResult.txt",
			);
			runOnlyForDeploymentPostprocessing = 0;
			shellPath = /bin/sh;
			shellScript = "diff \"${PODS_PODFILE_DIR_PATH}/Podfile.lock\" \"${PODS_ROOT}/Manifest.lock\" > /dev/null\nif [ $? != 0 ] ; then\n    # print error to STDERR\n    echo \"error: The sandbox is not in sync with the Podfile.lock. Run 'pod install' or update your CocoaPods installation.\" >&2\n    exit 1\nfi\n# This output is used by Xcode 'outputs' to avoid re-running this script phase.\necho \"SUCCESS\" > \"${SCRIPT_OUTPUT_FILE_0}\"\n";
			showEnvVarsInLog = 0;
		};
/* End PBXShellScriptBuildPhase section */

/* Begin PBXSourcesBuildPhase section */
		CED1D5C5244FD6B40056E12D /* Sources */ = {
			isa = PBXSourcesBuildPhase;
			buildActionMask = 2147483647;
			files = (
				CE88672224615FDD00A823E8 /* ModularGridStyle.swift in Sources */,
				CED1D5CD244FD6B40056E12D /* AppDelegate.swift in Sources */,
				CE88671A24615FDD00A823E8 /* GridStyle.swift in Sources */,
				CED1D5E9244FE54A0056E12D /* HotelDetailImageItem.swift in Sources */,
				CED1D5CF244FD6B40056E12D /* SceneDelegate.swift in Sources */,
				CE88671C24615FDD00A823E8 /* View+GridStyle.swift in Sources */,
				CE8867002461351C00A823E8 /* HotelDetailFilterDetailView.swift in Sources */,
				CED1D5F02450319F0056E12D /* ScrollView-Wrapper.swift in Sources */,
				CE8866F6245E994F00A823E8 /* HotelDetailPoliciesView.swift in Sources */,
				CE88671E24615FDD00A823E8 /* GridPreferences.swift in Sources */,
				CE8866FC245FFABE00A823E8 /* HotelDetailNear.swift in Sources */,
				CED1D5E7244FDC420056E12D /* HotelDetailResponse.swift in Sources */,
				CED1D5D1244FD6B40056E12D /* ContentView.swift in Sources */,
				CE959E82245A716900D50B78 /* HotelDetailFilterView.swift in Sources */,
				CED1D5F52450496F0056E12D /* PageViewController.swift in Sources */,
				CE88671624615FDD00A823E8 /* Grid+Inits.swift in Sources */,
				CE8866F4245C56EE00A823E8 /* RoundedCorner.swift in Sources */,
				CE8866F8245EA97700A823E8 /* HotelDetailCommentView.swift in Sources */,
				CE959E84245ACDB600D50B78 /* HotelDetailHotProductView.swift in Sources */,
				CE88672424615FDD00A823E8 /* Grid.swift in Sources */,
				CE959E8024596AC500D50B78 /* HotelDetailAddressView.swift in Sources */,
				CE959E7E2459618F00D50B78 /* HotelDetailDateView.swift in Sources */,
				CE88671824615FDD00A823E8 /* Tracks.swift in Sources */,
				CE8866FE245FFBC400A823E8 /* HotelDetailNearView.swift in Sources */,
				CE88672124615FDD00A823E8 /* GridItemBoundsPreferencesKey.swift in Sources */,
				CE88671F24615FDD00A823E8 /* GridPreferencesModifier.swift in Sources */,
				CE8866F2245C53F300A823E8 /* HotelDetailRoomView.swift in Sources */,
				CE88671724615FDD00A823E8 /* StaggeredGridStyle.swift in Sources */,
				CED1D5EE245031410056E12D /* HotelDetailImagesView.swift in Sources */,
				CED1D60224585DF90056E12D /* HotelDetailInfoView.swift in Sources */,
				CE88670224613ED000A823E8 /* Helper.swift in Sources */,
				CE8866F0245BCA9200A823E8 /* Color-Hex.swift in Sources */,
				CE88672024615FDD00A823E8 /* EnvironmentValues+GridStyle.swift in Sources */,
				CE88671924615FDD00A823E8 /* LayoutMath.swift in Sources */,
				CED1D5EB244FE5DC0056E12D /* Bundle-Decodable.swift in Sources */,
				CE88672324615FDD00A823E8 /* GridItem.swift in Sources */,
				CE88671D24615FDD00A823E8 /* GridStyleKey.swift in Sources */,
				CE88671B24615FDD00A823E8 /* GridPreferencesKey.swift in Sources */,
			);
			runOnlyForDeploymentPostprocessing = 0;
		};
/* End PBXSourcesBuildPhase section */

/* Begin PBXVariantGroup section */
		CED1D5D7244FD6B60056E12D /* LaunchScreen.storyboard */ = {
			isa = PBXVariantGroup;
			children = (
				CED1D5D8244FD6B60056E12D /* Base */,
			);
			name = LaunchScreen.storyboard;
			sourceTree = "<group>";
		};
/* End PBXVariantGroup section */

/* Begin XCBuildConfiguration section */
		CED1D5DB244FD6B60056E12D /* Debug */ = {
			isa = XCBuildConfiguration;
			buildSettings = {
				ALWAYS_SEARCH_USER_PATHS = NO;
				CLANG_ANALYZER_NONNULL = YES;
				CLANG_ANALYZER_NUMBER_OBJECT_CONVERSION = YES_AGGRESSIVE;
				CLANG_CXX_LANGUAGE_STANDARD = "gnu++14";
				CLANG_CXX_LIBRARY = "libc++";
				CLANG_ENABLE_MODULES = YES;
				CLANG_ENABLE_OBJC_ARC = YES;
				CLANG_ENABLE_OBJC_WEAK = YES;
				CLANG_WARN_BLOCK_CAPTURE_AUTORELEASING = YES;
				CLANG_WARN_BOOL_CONVERSION = YES;
				CLANG_WARN_COMMA = YES;
				CLANG_WARN_CONSTANT_CONVERSION = YES;
				CLANG_WARN_DEPRECATED_OBJC_IMPLEMENTATIONS = YES;
				CLANG_WARN_DIRECT_OBJC_ISA_USAGE = YES_ERROR;
				CLANG_WARN_DOCUMENTATION_COMMENTS = YES;
				CLANG_WARN_EMPTY_BODY = YES;
				CLANG_WARN_ENUM_CONVERSION = YES;
				CLANG_WARN_INFINITE_RECURSION = YES;
				CLANG_WARN_INT_CONVERSION = YES;
				CLANG_WARN_NON_LITERAL_NULL_CONVERSION = YES;
				CLANG_WARN_OBJC_IMPLICIT_RETAIN_SELF = YES;
				CLANG_WARN_OBJC_LITERAL_CONVERSION = YES;
				CLANG_WARN_OBJC_ROOT_CLASS = YES_ERROR;
				CLANG_WARN_RANGE_LOOP_ANALYSIS = YES;
				CLANG_WARN_STRICT_PROTOTYPES = YES;
				CLANG_WARN_SUSPICIOUS_MOVE = YES;
				CLANG_WARN_UNGUARDED_AVAILABILITY = YES_AGGRESSIVE;
				CLANG_WARN_UNREACHABLE_CODE = YES;
				CLANG_WARN__DUPLICATE_METHOD_MATCH = YES;
				COPY_PHASE_STRIP = NO;
				DEBUG_INFORMATION_FORMAT = dwarf;
				ENABLE_STRICT_OBJC_MSGSEND = YES;
				ENABLE_TESTABILITY = YES;
				GCC_C_LANGUAGE_STANDARD = gnu11;
				GCC_DYNAMIC_NO_PIC = NO;
				GCC_NO_COMMON_BLOCKS = YES;
				GCC_OPTIMIZATION_LEVEL = 0;
				GCC_PREPROCESSOR_DEFINITIONS = (
					"DEBUG=1",
					"$(inherited)",
				);
				GCC_WARN_64_TO_32_BIT_CONVERSION = YES;
				GCC_WARN_ABOUT_RETURN_TYPE = YES_ERROR;
				GCC_WARN_UNDECLARED_SELECTOR = YES;
				GCC_WARN_UNINITIALIZED_AUTOS = YES_AGGRESSIVE;
				GCC_WARN_UNUSED_FUNCTION = YES;
				GCC_WARN_UNUSED_VARIABLE = YES;
				IPHONEOS_DEPLOYMENT_TARGET = 13.4;
				MTL_ENABLE_DEBUG_INFO = INCLUDE_SOURCE;
				MTL_FAST_MATH = YES;
				ONLY_ACTIVE_ARCH = YES;
				SDKROOT = iphoneos;
				SWIFT_ACTIVE_COMPILATION_CONDITIONS = DEBUG;
				SWIFT_OPTIMIZATION_LEVEL = "-Onone";
			};
			name = Debug;
		};
		CED1D5DC244FD6B60056E12D /* Release */ = {
			isa = XCBuildConfiguration;
			buildSettings = {
				ALWAYS_SEARCH_USER_PATHS = NO;
				CLANG_ANALYZER_NONNULL = YES;
				CLANG_ANALYZER_NUMBER_OBJECT_CONVERSION = YES_AGGRESSIVE;
				CLANG_CXX_LANGUAGE_STANDARD = "gnu++14";
				CLANG_CXX_LIBRARY = "libc++";
				CLANG_ENABLE_MODULES = YES;
				CLANG_ENABLE_OBJC_ARC = YES;
				CLANG_ENABLE_OBJC_WEAK = YES;
				CLANG_WARN_BLOCK_CAPTURE_AUTORELEASING = YES;
				CLANG_WARN_BOOL_CONVERSION = YES;
				CLANG_WARN_COMMA = YES;
				CLANG_WARN_CONSTANT_CONVERSION = YES;
				CLANG_WARN_DEPRECATED_OBJC_IMPLEMENTATIONS = YES;
				CLANG_WARN_DIRECT_OBJC_ISA_USAGE = YES_ERROR;
				CLANG_WARN_DOCUMENTATION_COMMENTS = YES;
				CLANG_WARN_EMPTY_BODY = YES;
				CLANG_WARN_ENUM_CONVERSION = YES;
				CLANG_WARN_INFINITE_RECURSION = YES;
				CLANG_WARN_INT_CONVERSION = YES;
				CLANG_WARN_NON_LITERAL_NULL_CONVERSION = YES;
				CLANG_WARN_OBJC_IMPLICIT_RETAIN_SELF = YES;
				CLANG_WARN_OBJC_LITERAL_CONVERSION = YES;
				CLANG_WARN_OBJC_ROOT_CLASS = YES_ERROR;
				CLANG_WARN_RANGE_LOOP_ANALYSIS = YES;
				CLANG_WARN_STRICT_PROTOTYPES = YES;
				CLANG_WARN_SUSPICIOUS_MOVE = YES;
				CLANG_WARN_UNGUARDED_AVAILABILITY = YES_AGGRESSIVE;
				CLANG_WARN_UNREACHABLE_CODE = YES;
				CLANG_WARN__DUPLICATE_METHOD_MATCH = YES;
				COPY_PHASE_STRIP = NO;
				DEBUG_INFORMATION_FORMAT = "dwarf-with-dsym";
				ENABLE_NS_ASSERTIONS = NO;
				ENABLE_STRICT_OBJC_MSGSEND = YES;
				GCC_C_LANGUAGE_STANDARD = gnu11;
				GCC_NO_COMMON_BLOCKS = YES;
				GCC_WARN_64_TO_32_BIT_CONVERSION = YES;
				GCC_WARN_ABOUT_RETURN_TYPE = YES_ERROR;
				GCC_WARN_UNDECLARED_SELECTOR = YES;
				GCC_WARN_UNINITIALIZED_AUTOS = YES_AGGRESSIVE;
				GCC_WARN_UNUSED_FUNCTION = YES;
				GCC_WARN_UNUSED_VARIABLE = YES;
				IPHONEOS_DEPLOYMENT_TARGET = 13.4;
				MTL_ENABLE_DEBUG_INFO = NO;
				MTL_FAST_MATH = YES;
				SDKROOT = iphoneos;
				SWIFT_COMPILATION_MODE = wholemodule;
				SWIFT_OPTIMIZATION_LEVEL = "-O";
				VALIDATE_PRODUCT = YES;
			};
			name = Release;
		};
		CED1D5DE244FD6B60056E12D /* Debug */ = {
			isa = XCBuildConfiguration;
			baseConfigurationReference = 12E929415AB35792407C5091 /* Pods-ElongHotel.debug.xcconfig */;
			buildSettings = {
				ASSETCATALOG_COMPILER_APPICON_NAME = AppIcon;
				CODE_SIGN_STYLE = Automatic;
				DEVELOPMENT_ASSET_PATHS = "\"ElongHotel/Preview Content\"";
				DEVELOPMENT_TEAM = JT2R89ALZ2;
				ENABLE_PREVIEWS = YES;
				INFOPLIST_FILE = ElongHotel/Info.plist;
				IPHONEOS_DEPLOYMENT_TARGET = 13.0;
				LD_RUNPATH_SEARCH_PATHS = (
					"$(inherited)",
					"@executable_path/Frameworks",
				);
				PRODUCT_BUNDLE_IDENTIFIER = com.chaoma.hejiujiezhang.ElongHotel;
				PRODUCT_NAME = "$(TARGET_NAME)";
				SWIFT_VERSION = 5.0;
				TARGETED_DEVICE_FAMILY = "1,2";
			};
			name = Debug;
		};
		CED1D5DF244FD6B60056E12D /* Release */ = {
			isa = XCBuildConfiguration;
			baseConfigurationReference = 64981AE0EFFEF826EE184313 /* Pods-ElongHotel.release.xcconfig */;
			buildSettings = {
				ASSETCATALOG_COMPILER_APPICON_NAME = AppIcon;
				CODE_SIGN_STYLE = Automatic;
				DEVELOPMENT_ASSET_PATHS = "\"ElongHotel/Preview Content\"";
				DEVELOPMENT_TEAM = JT2R89ALZ2;
				ENABLE_PREVIEWS = YES;
				INFOPLIST_FILE = ElongHotel/Info.plist;
				IPHONEOS_DEPLOYMENT_TARGET = 13.0;
				LD_RUNPATH_SEARCH_PATHS = (
					"$(inherited)",
					"@executable_path/Frameworks",
				);
				PRODUCT_BUNDLE_IDENTIFIER = com.chaoma.hejiujiezhang.ElongHotel;
				PRODUCT_NAME = "$(TARGET_NAME)";
				SWIFT_VERSION = 5.0;
				TARGETED_DEVICE_FAMILY = "1,2";
			};
			name = Release;
		};
/* End XCBuildConfiguration section */

/* Begin XCConfigurationList section */
		CED1D5C4244FD6B40056E12D /* Build configuration list for PBXProject "ElongHotel" */ = {
			isa = XCConfigurationList;
			buildConfigurations = (
				CED1D5DB244FD6B60056E12D /* Debug */,
				CED1D5DC244FD6B60056E12D /* Release */,
			);
			defaultConfigurationIsVisible = 0;
			defaultConfigurationName = Release;
		};
		CED1D5DD244FD6B60056E12D /* Build configuration list for PBXNativeTarget "ElongHotel" */ = {
			isa = XCConfigurationList;
			buildConfigurations = (
				CED1D5DE244FD6B60056E12D /* Debug */,
				CED1D5DF244FD6B60056E12D /* Release */,
			);
			defaultConfigurationIsVisible = 0;
			defaultConfigurationName = Release;
		};
/* End XCConfigurationList section */
	};
	rootObject = CED1D5C1244FD6B40056E12D /* Project object */;
}
